
Microsoft Visual Studio Solution File, Format Version 12.00
# Visual Studio Version 17
VisualStudioVersion = 17.14.36221.1 d17.14
MinimumVisualStudioVersion = 10.0.40219.1
Project("{FAE04EC0-301F-11D3-BF4B-00C04F79EFBC}") = "DebuggingTechniques", "DebuggingTechniques\DebuggingTechniques.csproj", "{AD5BAF93-AC42-4B05-9681-D94E657FCF61}"
EndProject
Global
	GlobalSection(SolutionConfigurationPlatforms) = preSolution
		Debug|Any CPU = Debug|Any CPU
		Release|Any CPU = Release|Any CPU
	EndGlobalSection
	GlobalSection(ProjectConfigurationPlatforms) = postSolution
		{AD5BAF93-AC42-4B05-9681-D94E657FCF61}.Debug|Any CPU.ActiveCfg = Debug|Any CPU
		{AD5BAF93-AC42-4B05-9681-D94E657FCF61}.Debug|Any CPU.Build.0 = Debug|Any CPU
		{AD5BAF93-AC42-4B05-9681-D94E657FCF61}.Release|Any CPU.ActiveCfg = Release|Any CPU
		{AD5BAF93-AC42-4B05-9681-D94E657FCF61}.Release|Any CPU.Build.0 = Release|Any CPU
	EndGlobalSection
	GlobalSection(SolutionProperties) = preSolution
		HideSolutionNode = FALSE
	EndGlobalSection
	GlobalSection(ExtensibilityGlobals) = postSolution
		SolutionGuid = {C7C67DB8-C7CD-4412-9A1E-672C678B152A}
	EndGlobalSection
EndGlobal
